
Microsoft Visual Studio Solution File, Format Version 12.00
# Visual Studio Version 17
VisualStudioVersion = 17.10.35122.118
MinimumVisualStudioVersion = 10.0.40219.1
Project("{FAE04EC0-301F-11D3-BF4B-00C04F79EFBC}") = "NumericMethods", "NumericMethods.csproj", "{660E6C84-320A-4441-96C0-4B7D1332B97C}"
EndProject
Global
	GlobalSection(SolutionConfigurationPlatforms) = preSolution
		Debug|Any CPU = Debug|Any CPU
		Release|Any CPU = Release|Any CPU
	EndGlobalSection
	GlobalSection(ProjectConfigurationPlatforms) = postSolution
		{660E6C84-320A-4441-96C0-4B7D1332B97C}.Debug|Any CPU.ActiveCfg = Debug|Any CPU
		{660E6C84-320A-4441-96C0-4B7D1332B97C}.Debug|Any CPU.Build.0 = Debug|Any CPU
		{660E6C84-320A-4441-96C0-4B7D1332B97C}.Release|Any CPU.ActiveCfg = Release|Any CPU
		{660E6C84-320A-4441-96C0-4B7D1332B97C}.Release|Any CPU.Build.0 = Release|Any CPU
	EndGlobalSection
	GlobalSection(SolutionProperties) = preSolution
		HideSolutionNode = FALSE
	EndGlobalSection
	GlobalSection(ExtensibilityGlobals) = postSolution
		SolutionGuid = {5186495E-0A4C-4616-BEFF-29666EE6DA16}
	EndGlobalSection
EndGlobal
